// !$*UTF8*$!
{
	archiveVersion = 1;
	classes = {
	};
	objectVersion = 46;
	objects = {

/* Begin PBXBuildFile section */
		18CE813C1D22B99500C4A85A /* main.cpp in Sources */ = {isa = PBXBuildFile; fileRef = 18CE813B1D22B99500C4A85A /* main.cpp */; };
		18CE81441D22B9D100C4A85A /* board.cpp in Sources */ = {isa = PBXBuildFile; fileRef = 18CE81421D22B9D100C4A85A /* board.cpp */; };
		18CE81471D22B9F700C4A85A /* playerComputer.cpp in Sources */ = {isa = PBXBuildFile; fileRef = 18CE81451D22B9F700C4A85A /* playerComputer.cpp */; };
		18CE814A1D22BA1300C4A85A /* square.cpp in Sources */ = {isa = PBXBuildFile; fileRef = 18CE81481D22BA1300C4A85A /* square.cpp */; };
/* End PBXBuildFile section */

/* Begin PBXCopyFilesBuildPhase section */
		18CE81361D22B99500C4A85A /* CopyFiles */ = {
			isa = PBXCopyFilesBuildPhase;
			buildActionMask = 2147483647;
			dstPath = /usr/share/man/man1/;
			dstSubfolderSpec = 0;
			files = (
			);
			runOnlyForDeploymentPostprocessing = 1;
		};
/* End PBXCopyFilesBuildPhase section */

/* Begin PBXFileReference section */
		18CE81381D22B99500C4A85A /* battleship */ = {isa = PBXFileReference; explicitFileType = "compiled.mach-o.executable"; includeInIndex = 0; path = battleship; sourceTree = BUILT_PRODUCTS_DIR; };
		18CE813B1D22B99500C4A85A /* main.cpp */ = {isa = PBXFileReference; lastKnownFileType = sourcecode.cpp.cpp; path = main.cpp; sourceTree = "<group>"; };
		18CE81421D22B9D100C4A85A /* board.cpp */ = {isa = PBXFileReference; fileEncoding = 4; lastKnownFileType = sourcecode.cpp.cpp; path = board.cpp; sourceTree = "<group>"; };
		18CE81431D22B9D100C4A85A /* board.hpp */ = {isa = PBXFileReference; fileEncoding = 4; lastKnownFileType = sourcecode.cpp.h; path = board.hpp; sourceTree = "<group>"; };
		18CE81451D22B9F700C4A85A /* playerComputer.cpp */ = {isa = PBXFileReference; fileEncoding = 4; lastKnownFileType = sourcecode.cpp.cpp; path = playerComputer.cpp; sourceTree = "<group>"; };
		18CE81461D22B9F700C4A85A /* playerComputer.hpp */ = {isa = PBXFileReference; fileEncoding = 4; lastKnownFileType = sourcecode.cpp.h; path = playerComputer.hpp; sourceTree = "<group>"; };
		18CE81481D22BA1300C4A85A /* square.cpp */ = {isa = PBXFileReference; fileEncoding = 4; lastKnownFileType = sourcecode.cpp.cpp; path = square.cpp; sourceTree = "<group>"; };
		18CE81491D22BA1300C4A85A /* square.hpp */ = {isa = PBXFileReference; fileEncoding = 4; lastKnownFileType = sourcecode.cpp.h; path = square.hpp; sourceTree = "<group>"; };
/* End PBXFileReference section */

/* Begin PBXFrameworksBuildPhase section */
		18CE81351D22B99500C4A85A /* Frameworks */ = {
			isa = PBXFrameworksBuildPhase;
			buildActionMask = 2147483647;
			files = (
			);
			runOnlyForDeploymentPostprocessing = 0;
		};
/* End PBXFrameworksBuildPhase section */

/* Begin PBXGroup section */
		18CE812F1D22B99500C4A85A = {
			isa = PBXGroup;
			children = (
				18CE813A1D22B99500C4A85A /* battleship */,
				18CE81391D22B99500C4A85A /* Products */,
			);
			sourceTree = "<group>";
		};
		18CE81391D22B99500C4A85A /* Products */ = {
			isa = PBXGroup;
			children = (
				18CE81381D22B99500C4A85A /* battleship */,
			);
			name = Products;
			sourceTree = "<group>";
		};
		18CE813A1D22B99500C4A85A /* battleship */ = {
			isa = PBXGroup;
			children = (
				18CE813B1D22B99500C4A85A /* main.cpp */,
				18CE81421D22B9D100C4A85A /* board.cpp */,
				18CE81431D22B9D100C4A85A /* board.hpp */,
				18CE81451D22B9F700C4A85A /* playerComputer.cpp */,
				18CE81461D22B9F700C4A85A /* playerComputer.hpp */,
				18CE81481D22BA1300C4A85A /* square.cpp */,
				18CE81491D22BA1300C4A85A /* square.hpp */,
			);
			path = battleship;
			sourceTree = "<group>";
		};
/* End PBXGroup section */

/* Begin PBXNativeTarget section */
		18CE81371D22B99500C4A85A /* battleship */ = {
			isa = PBXNativeTarget;
			buildConfigurationList = 18CE813F1D22B99500C4A85A /* Build configuration list for PBXNativeTarget "battleship" */;
			buildPhases = (
				18CE81341D22B99500C4A85A /* Sources */,
				18CE81351D22B99500C4A85A /* Frameworks */,
				18CE81361D22B99500C4A85A /* CopyFiles */,
			);
			buildRules = (
			);
			dependencies = (
			);
			name = battleship;
			productName = battleship;
			productReference = 18CE81381D22B99500C4A85A /* battleship */;
			productType = "com.apple.product-type.tool";
		};
/* End PBXNativeTarget section */

/* Begin PBXProject section */
		18CE81301D22B99500C4A85A /* Project object */ = {
			isa = PBXProject;
			attributes = {
				LastUpgradeCheck = 0720;
				ORGANIZATIONNAME = apple;
				TargetAttributes = {
					18CE81371D22B99500C4A85A = {
						CreatedOnToolsVersion = 7.2.1;
					};
				};
			};
			buildConfigurationList = 18CE81331D22B99500C4A85A /* Build configuration list for PBXProject "battleship" */;
			compatibilityVersion = "Xcode 3.2";
			developmentRegion = English;
			hasScannedForEncodings = 0;
			knownRegions = (
				en,
			);
			mainGroup = 18CE812F1D22B99500C4A85A;
			productRefGroup = 18CE81391D22B99500C4A85A /* Products */;
			projectDirPath = "";
			projectRoot = "";
			targets = (
				18CE81371D22B99500C4A85A /* battleship */,
			);
		};
/* End PBXProject section */

/* Begin PBXSourcesBuildPhase section */
		18CE81341D22B99500C4A85A /* Sources */ = {
			isa = PBXSourcesBuildPhase;
			buildActionMask = 2147483647;
			files = (
				18CE814A1D22BA1300C4A85A /* square.cpp in Sources */,
				18CE81441D22B9D100C4A85A /* board.cpp in Sources */,
				18CE813C1D22B99500C4A85A /* main.cpp in Sources */,
				18CE81471D22B9F700C4A85A /* playerComputer.cpp in Sources */,
			);
			runOnlyForDeploymentPostprocessing = 0;
		};
/* End PBXSourcesBuildPhase section */

/* Begin XCBuildConfiguration section */
		18CE813D1D22B99500C4A85A /* Debug */ = {
			isa = XCBuildConfiguration;
			buildSettings = {
				ALWAYS_SEARCH_USER_PATHS = NO;
				CLANG_CXX_LANGUAGE_STANDARD = "gnu++0x";
				CLANG_CXX_LIBRARY = "libc++";
				CLANG_ENABLE_MODULES = YES;
				CLANG_ENABLE_OBJC_ARC = YES;
				CLANG_WARN_BOOL_CONVERSION = YES;
				CLANG_WARN_CONSTANT_CONVERSION = YES;
				CLANG_WARN_DIRECT_OBJC_ISA_USAGE = YES_ERROR;
				CLANG_WARN_EMPTY_BODY = YES;
				CLANG_WARN_ENUM_CONVERSION = YES;
				CLANG_WARN_INT_CONVERSION = YES;
				CLANG_WARN_OBJC_ROOT_CLASS = YES_ERROR;
				CLANG_WARN_UNREACHABLE_CODE = YES;
				CLANG_WARN__DUPLICATE_METHOD_MATCH = YES;
				CODE_SIGN_IDENTITY = "-";
				COPY_PHASE_STRIP = NO;
				DEBUG_INFORMATION_FORMAT = dwarf;
				ENABLE_STRICT_OBJC_MSGSEND = YES;
				ENABLE_TESTABILITY = YES;
				GCC_C_LANGUAGE_STANDARD = gnu99;
				GCC_DYNAMIC_NO_PIC = NO;
				GCC_NO_COMMON_BLOCKS = YES;
				GCC_OPTIMIZATION_LEVEL = 0;
				GCC_PREPROCESSOR_DEFINITIONS = (
					"DEBUG=1",
					"$(inherited)",
				);
				GCC_WARN_64_TO_32_BIT_CONVERSION = YES;
				GCC_WARN_ABOUT_RETURN_TYPE = YES_ERROR;
				GCC_WARN_UNDECLARED_SELECTOR = YES;
				GCC_WARN_UNINITIALIZED_AUTOS = YES_AGGRESSIVE;
				GCC_WARN_UNUSED_FUNCTION = YES;
				GCC_WARN_UNUSED_VARIABLE = YES;
				MACOSX_DEPLOYMENT_TARGET = 10.10;
				MTL_ENABLE_DEBUG_INFO = YES;
				ONLY_ACTIVE_ARCH = YES;
				SDKROOT = macosx;
			};
			name = Debug;
		};
		18CE813E1D22B99500C4A85A /* Release */ = {
			isa = XCBuildConfiguration;
			buildSettings = {
				ALWAYS_SEARCH_USER_PATHS = NO;
				CLANG_CXX_LANGUAGE_STANDARD = "gnu++0x";
				CLANG_CXX_LIBRARY = "libc++";
				CLANG_ENABLE_MODULES = YES;
				CLANG_ENABLE_OBJC_ARC = YES;
				CLANG_WARN_BOOL_CONVERSION = YES;
				CLANG_WARN_CONSTANT_CONVERSION = YES;
				CLANG_WARN_DIRECT_OBJC_ISA_USAGE = YES_ERROR;
				CLANG_WARN_EMPTY_BODY = YES;
				CLANG_WARN_ENUM_CONVERSION = YES;
				CLANG_WARN_INT_CONVERSION = YES;
				CLANG_WARN_OBJC_ROOT_CLASS = YES_ERROR;
				CLANG_WARN_UNREACHABLE_CODE = YES;
				CLANG_WARN__DUPLICATE_METHOD_MATCH = YES;
				CODE_SIGN_IDENTITY = "-";
				COPY_PHASE_STRIP = NO;
				DEBUG_INFORMATION_FORMAT = "dwarf-with-dsym";
				ENABLE_NS_ASSERTIONS = NO;
				ENABLE_STRICT_OBJC_MSGSEND = YES;
				GCC_C_LANGUAGE_STANDARD = gnu99;
				GCC_NO_COMMON_BLOCKS = YES;
				GCC_WARN_64_TO_32_BIT_CONVERSION = YES;
				GCC_WARN_ABOUT_RETURN_TYPE = YES_ERROR;
				GCC_WARN_UNDECLARED_SELECTOR = YES;
				GCC_WARN_UNINITIALIZED_AUTOS = YES_AGGRESSIVE;
				GCC_WARN_UNUSED_FUNCTION = YES;
				GCC_WARN_UNUSED_VARIABLE = YES;
				MACOSX_DEPLOYMENT_TARGET = 10.10;
				MTL_ENABLE_DEBUG_INFO = NO;
				SDKROOT = macosx;
			};
			name = Release;
		};
		18CE81401D22B99500C4A85A /* Debug */ = {
			isa = XCBuildConfiguration;
			buildSettings = {
				PRODUCT_NAME = "$(TARGET_NAME)";
			};
			name = Debug;
		};
		18CE81411D22B99500C4A85A /* Release */ = {
			isa = XCBuildConfiguration;
			buildSettings = {
				PRODUCT_NAME = "$(TARGET_NAME)";
			};
			name = Release;
		};
/* End XCBuildConfiguration section */

/* Begin XCConfigurationList section */
		18CE81331D22B99500C4A85A /* Build configuration list for PBXProject "battleship" */ = {
			isa = XCConfigurationList;
			buildConfigurations = (
				18CE813D1D22B99500C4A85A /* Debug */,
				18CE813E1D22B99500C4A85A /* Release */,
			);
			defaultConfigurationIsVisible = 0;
			defaultConfigurationName = Release;
		};
		18CE813F1D22B99500C4A85A /* Build configuration list for PBXNativeTarget "battleship" */ = {
			isa = XCConfigurationList;
			buildConfigurations = (
				18CE81401D22B99500C4A85A /* Debug */,
				18CE81411D22B99500C4A85A /* Release */,
			);
			defaultConfigurationIsVisible = 0;
			defaultConfigurationName = Release;
		};
/* End XCConfigurationList section */
	};
	rootObject = 18CE81301D22B99500C4A85A /* Project object */;
}
